
Microsoft Visual Studio Solution File, Format Version 12.00
# Visual Studio 14
VisualStudioVersion = 14.0.25420.1
MinimumVisualStudioVersion = 10.0.40219.1
Project("{FAE04EC0-301F-11D3-BF4B-00C04F79EFBC}") = "Chap2", "Chap2\Chap2.csproj", "{86C2DD47-5DCA-4CF4-8367-9DA164838260}"
EndProject
Project("{FAE04EC0-301F-11D3-BF4B-00C04F79EFBC}") = "Chap3", "Chap3\Chap3.csproj", "{3F2C9409-B3E1-423B-85F9-2F4CC46F16E2}"
EndProject
Project("{FAE04EC0-301F-11D3-BF4B-00C04F79EFBC}") = "Chap4", "Chap4\Chap4.csproj", "{549195C7-820B-4BDB-8141-4F63360681B4}"
EndProject
Project("{FAE04EC0-301F-11D3-BF4B-00C04F79EFBC}") = "Chap5", "Chap5\Chap5.csproj", "{B56E6A9D-B3CC-4C05-B0DF-16DBAB5CD92B}"
EndProject
Project("{FAE04EC0-301F-11D3-BF4B-00C04F79EFBC}") = "Chap5.DocumentManager", "Chap5.DocumentManager\Chap5.DocumentManager.csproj", "{1B33D62F-D724-4234-BC8F-19B59908B47D}"
EndProject
Project("{FAE04EC0-301F-11D3-BF4B-00C04F79EFBC}") = "Chap5.Variance", "Chap5.Variance\Chap5.Variance.csproj", "{59CBEAA0-3E45-485B-AEB0-FF1DF374F282}"
EndProject
Project("{FAE04EC0-301F-11D3-BF4B-00C04F79EFBC}") = "Chap5.GenericMethods", "Chap5.GenericMethods\Chap5.GenericMethods.csproj", "{B1E93F26-C806-4AEC-A274-A6B765E2EBB3}"
EndProject
Project("{FAE04EC0-301F-11D3-BF4B-00C04F79EFBC}") = "Chap6", "Chap6\Chap6.csproj", "{8037157A-E1F6-41EC-8349-76F63BADB089}"
EndProject
Global
	GlobalSection(SolutionConfigurationPlatforms) = preSolution
		Debug|Any CPU = Debug|Any CPU
		Release|Any CPU = Release|Any CPU
	EndGlobalSection
	GlobalSection(ProjectConfigurationPlatforms) = postSolution
		{86C2DD47-5DCA-4CF4-8367-9DA164838260}.Debug|Any CPU.ActiveCfg = Debug|Any CPU
		{86C2DD47-5DCA-4CF4-8367-9DA164838260}.Debug|Any CPU.Build.0 = Debug|Any CPU
		{86C2DD47-5DCA-4CF4-8367-9DA164838260}.Release|Any CPU.ActiveCfg = Release|Any CPU
		{86C2DD47-5DCA-4CF4-8367-9DA164838260}.Release|Any CPU.Build.0 = Release|Any CPU
		{3F2C9409-B3E1-423B-85F9-2F4CC46F16E2}.Debug|Any CPU.ActiveCfg = Debug|Any CPU
		{3F2C9409-B3E1-423B-85F9-2F4CC46F16E2}.Debug|Any CPU.Build.0 = Debug|Any CPU
		{3F2C9409-B3E1-423B-85F9-2F4CC46F16E2}.Release|Any CPU.ActiveCfg = Release|Any CPU
		{3F2C9409-B3E1-423B-85F9-2F4CC46F16E2}.Release|Any CPU.Build.0 = Release|Any CPU
		{549195C7-820B-4BDB-8141-4F63360681B4}.Debug|Any CPU.ActiveCfg = Debug|Any CPU
		{549195C7-820B-4BDB-8141-4F63360681B4}.Debug|Any CPU.Build.0 = Debug|Any CPU
		{549195C7-820B-4BDB-8141-4F63360681B4}.Release|Any CPU.ActiveCfg = Release|Any CPU
		{549195C7-820B-4BDB-8141-4F63360681B4}.Release|Any CPU.Build.0 = Release|Any CPU
		{B56E6A9D-B3CC-4C05-B0DF-16DBAB5CD92B}.Debug|Any CPU.ActiveCfg = Debug|Any CPU
		{B56E6A9D-B3CC-4C05-B0DF-16DBAB5CD92B}.Debug|Any CPU.Build.0 = Debug|Any CPU
		{B56E6A9D-B3CC-4C05-B0DF-16DBAB5CD92B}.Release|Any CPU.ActiveCfg = Release|Any CPU
		{B56E6A9D-B3CC-4C05-B0DF-16DBAB5CD92B}.Release|Any CPU.Build.0 = Release|Any CPU
		{1B33D62F-D724-4234-BC8F-19B59908B47D}.Debug|Any CPU.ActiveCfg = Debug|Any CPU
		{1B33D62F-D724-4234-BC8F-19B59908B47D}.Debug|Any CPU.Build.0 = Debug|Any CPU
		{1B33D62F-D724-4234-BC8F-19B59908B47D}.Release|Any CPU.ActiveCfg = Release|Any CPU
		{1B33D62F-D724-4234-BC8F-19B59908B47D}.Release|Any CPU.Build.0 = Release|Any CPU
		{59CBEAA0-3E45-485B-AEB0-FF1DF374F282}.Debug|Any CPU.ActiveCfg = Debug|Any CPU
		{59CBEAA0-3E45-485B-AEB0-FF1DF374F282}.Debug|Any CPU.Build.0 = Debug|Any CPU
		{59CBEAA0-3E45-485B-AEB0-FF1DF374F282}.Release|Any CPU.ActiveCfg = Release|Any CPU
		{59CBEAA0-3E45-485B-AEB0-FF1DF374F282}.Release|Any CPU.Build.0 = Release|Any CPU
		{B1E93F26-C806-4AEC-A274-A6B765E2EBB3}.Debug|Any CPU.ActiveCfg = Debug|Any CPU
		{B1E93F26-C806-4AEC-A274-A6B765E2EBB3}.Debug|Any CPU.Build.0 = Debug|Any CPU
		{B1E93F26-C806-4AEC-A274-A6B765E2EBB3}.Release|Any CPU.ActiveCfg = Release|Any CPU
		{B1E93F26-C806-4AEC-A274-A6B765E2EBB3}.Release|Any CPU.Build.0 = Release|Any CPU
		{8037157A-E1F6-41EC-8349-76F63BADB089}.Debug|Any CPU.ActiveCfg = Debug|Any CPU
		{8037157A-E1F6-41EC-8349-76F63BADB089}.Debug|Any CPU.Build.0 = Debug|Any CPU
		{8037157A-E1F6-41EC-8349-76F63BADB089}.Release|Any CPU.ActiveCfg = Release|Any CPU
		{8037157A-E1F6-41EC-8349-76F63BADB089}.Release|Any CPU.Build.0 = Release|Any CPU
	EndGlobalSection
	GlobalSection(SolutionProperties) = preSolution
		HideSolutionNode = FALSE
	EndGlobalSection
EndGlobal
